
Microsoft Visual Studio Solution File, Format Version 12.00
# Visual Studio Version 17
VisualStudioVersion = 17.4.33213.308
MinimumVisualStudioVersion = 10.0.40219.1
Project("{9A19103F-16F7-4668-BE54-9A1E7A4F7556}") = "HotelReservation.EF", "HotelReservation.EF\HotelReservation.EF.csproj", "{2BAFC249-4109-4DA1-8512-C7ECF9BD6A78}"
EndProject
Project("{9A19103F-16F7-4668-BE54-9A1E7A4F7556}") = "HotelReservation.Core", "HotelReservationPZ.Core\HotelReservation.Core.csproj", "{F9987C9D-DBB6-43BC-8664-C9E0162B6DC3}"
EndProject
Project("{9A19103F-16F7-4668-BE54-9A1E7A4F7556}") = "HotelReservation", "HotelReservationPZ\HotelReservation.csproj", "{F51FB08B-A98B-408A-99FB-8B6EF9E56395}"
EndProject
Project("{9A19103F-16F7-4668-BE54-9A1E7A4F7556}") = "HotelReservation.Models", "HotelReservation.Models\HotelReservation.Models.csproj", "{C440DCDB-93FD-4B73-B2AC-233369F33F85}"
EndProject
Project("{2150E333-8FDC-42A3-9474-1A3956D46DE8}") = "Solution Items", "Solution Items", "{9D184430-B8A9-4FC0-88B4-C62B5E498A5A}"
	ProjectSection(SolutionItems) = preProject
		dane.sql = dane.sql
	EndProjectSection
EndProject
Project("{9A19103F-16F7-4668-BE54-9A1E7A4F7556}") = "Hotel.TestUnit", "Hotel.TestUnit\Hotel.TestUnit.csproj", "{70DD8A0A-E506-4B49-A845-269932896DAE}"
EndProject
Project("{FAE04EC0-301F-11D3-BF4B-00C04F79EFBC}") = "HotelReservationWPF", "HotelReservationWPF\HotelReservationWPF.csproj", "{830E44DC-69A2-488A-8660-22EEF011BC43}"
EndProject
Project("{FAE04EC0-301F-11D3-BF4B-00C04F79EFBC}") = "HotelReservationWPF.ViewModel", "HotelReservationWPF.ViewModel\HotelReservationWPF.ViewModel.csproj", "{3B798D4F-A090-4399-B655-806842D7A88C}"
EndProject
Global
	GlobalSection(SolutionConfigurationPlatforms) = preSolution
		Debug|Any CPU = Debug|Any CPU
		Release|Any CPU = Release|Any CPU
	EndGlobalSection
	GlobalSection(ProjectConfigurationPlatforms) = postSolution
		{2BAFC249-4109-4DA1-8512-C7ECF9BD6A78}.Debug|Any CPU.ActiveCfg = Debug|Any CPU
		{2BAFC249-4109-4DA1-8512-C7ECF9BD6A78}.Debug|Any CPU.Build.0 = Debug|Any CPU
		{2BAFC249-4109-4DA1-8512-C7ECF9BD6A78}.Release|Any CPU.ActiveCfg = Release|Any CPU
		{2BAFC249-4109-4DA1-8512-C7ECF9BD6A78}.Release|Any CPU.Build.0 = Release|Any CPU
		{F9987C9D-DBB6-43BC-8664-C9E0162B6DC3}.Debug|Any CPU.ActiveCfg = Debug|Any CPU
		{F9987C9D-DBB6-43BC-8664-C9E0162B6DC3}.Debug|Any CPU.Build.0 = Debug|Any CPU
		{F9987C9D-DBB6-43BC-8664-C9E0162B6DC3}.Release|Any CPU.ActiveCfg = Release|Any CPU
		{F9987C9D-DBB6-43BC-8664-C9E0162B6DC3}.Release|Any CPU.Build.0 = Release|Any CPU
		{F51FB08B-A98B-408A-99FB-8B6EF9E56395}.Debug|Any CPU.ActiveCfg = Debug|Any CPU
		{F51FB08B-A98B-408A-99FB-8B6EF9E56395}.Debug|Any CPU.Build.0 = Debug|Any CPU
		{F51FB08B-A98B-408A-99FB-8B6EF9E56395}.Release|Any CPU.ActiveCfg = Release|Any CPU
		{F51FB08B-A98B-408A-99FB-8B6EF9E56395}.Release|Any CPU.Build.0 = Release|Any CPU
		{C440DCDB-93FD-4B73-B2AC-233369F33F85}.Debug|Any CPU.ActiveCfg = Debug|Any CPU
		{C440DCDB-93FD-4B73-B2AC-233369F33F85}.Debug|Any CPU.Build.0 = Debug|Any CPU
		{C440DCDB-93FD-4B73-B2AC-233369F33F85}.Release|Any CPU.ActiveCfg = Release|Any CPU
		{C440DCDB-93FD-4B73-B2AC-233369F33F85}.Release|Any CPU.Build.0 = Release|Any CPU
		{70DD8A0A-E506-4B49-A845-269932896DAE}.Debug|Any CPU.ActiveCfg = Debug|Any CPU
		{70DD8A0A-E506-4B49-A845-269932896DAE}.Debug|Any CPU.Build.0 = Debug|Any CPU
		{70DD8A0A-E506-4B49-A845-269932896DAE}.Release|Any CPU.ActiveCfg = Release|Any CPU
		{70DD8A0A-E506-4B49-A845-269932896DAE}.Release|Any CPU.Build.0 = Release|Any CPU
		{830E44DC-69A2-488A-8660-22EEF011BC43}.Debug|Any CPU.ActiveCfg = Debug|Any CPU
		{830E44DC-69A2-488A-8660-22EEF011BC43}.Debug|Any CPU.Build.0 = Debug|Any CPU
		{830E44DC-69A2-488A-8660-22EEF011BC43}.Release|Any CPU.ActiveCfg = Release|Any CPU
		{830E44DC-69A2-488A-8660-22EEF011BC43}.Release|Any CPU.Build.0 = Release|Any CPU
		{3B798D4F-A090-4399-B655-806842D7A88C}.Debug|Any CPU.ActiveCfg = Debug|Any CPU
		{3B798D4F-A090-4399-B655-806842D7A88C}.Debug|Any CPU.Build.0 = Debug|Any CPU
		{3B798D4F-A090-4399-B655-806842D7A88C}.Release|Any CPU.ActiveCfg = Release|Any CPU
		{3B798D4F-A090-4399-B655-806842D7A88C}.Release|Any CPU.Build.0 = Release|Any CPU
	EndGlobalSection
	GlobalSection(SolutionProperties) = preSolution
		HideSolutionNode = FALSE
	EndGlobalSection
	GlobalSection(ExtensibilityGlobals) = postSolution
		SolutionGuid = {AA7A3F97-A48A-4782-87F8-3AF25367077F}
	EndGlobalSection
EndGlobal
